// !$*UTF8*$!
{
	archiveVersion = 1;
	classes = {
	};
	objectVersion = 50;
	objects = {

/* Begin PBXBuildFile section */
		5AC84A61216F6F5F003F123F /* AppDelegate.swift in Sources */ = {isa = PBXBuildFile; fileRef = 5AC84A60216F6F5F003F123F /* AppDelegate.swift */; };
		5AC84A63216F6F5F003F123F /* ViewController.swift in Sources */ = {isa = PBXBuildFile; fileRef = 5AC84A62216F6F5F003F123F /* ViewController.swift */; };
		5AC84A66216F6F5F003F123F /* Main.storyboard in Resources */ = {isa = PBXBuildFile; fileRef = 5AC84A64216F6F5F003F123F /* Main.storyboard */; };
		5AC84A68216F6F60003F123F /* Assets.xcassets in Resources */ = {isa = PBXBuildFile; fileRef = 5AC84A67216F6F60003F123F /* Assets.xcassets */; };
		5AC84A6B216F6F60003F123F /* LaunchScreen.storyboard in Resources */ = {isa = PBXBuildFile; fileRef = 5AC84A69216F6F60003F123F /* LaunchScreen.storyboard */; };
		5AC84A73216F6F7C003F123F /* TestViewBig.swift in Sources */ = {isa = PBXBuildFile; fileRef = 5AC84A72216F6F7C003F123F /* TestViewBig.swift */; };
		5AC84A75216F6F8E003F123F /* TestLabel.swift in Sources */ = {isa = PBXBuildFile; fileRef = 5AC84A74216F6F8E003F123F /* TestLabel.swift */; };
		5AC84A77216F6FAD003F123F /* TestViewSmall.swift in Sources */ = {isa = PBXBuildFile; fileRef = 5AC84A76216F6FAD003F123F /* TestViewSmall.swift */; };
		5AC84A79216F7174003F123F /* Ext.swift in Sources */ = {isa = PBXBuildFile; fileRef = 5AC84A78216F7174003F123F /* Ext.swift */; };
/* End PBXBuildFile section */

/* Begin PBXFileReference section */
		5AC84A5D216F6F5F003F123F /* TestLayoutProcess.app */ = {isa = PBXFileReference; explicitFileType = wrapper.application; includeInIndex = 0; path = TestLayoutProcess.app; sourceTree = BUILT_PRODUCTS_DIR; };
		5AC84A60216F6F5F003F123F /* AppDelegate.swift */ = {isa = PBXFileReference; lastKnownFileType = sourcecode.swift; path = AppDelegate.swift; sourceTree = "<group>"; };
		5AC84A62216F6F5F003F123F /* ViewController.swift */ = {isa = PBXFileReference; lastKnownFileType = sourcecode.swift; path = ViewController.swift; sourceTree = "<group>"; };
		5AC84A65216F6F5F003F123F /* Base */ = {isa = PBXFileReference; lastKnownFileType = file.storyboard; name = Base; path = Base.lproj/Main.storyboard; sourceTree = "<group>"; };
		5AC84A67216F6F60003F123F /* Assets.xcassets */ = {isa = PBXFileReference; lastKnownFileType = folder.assetcatalog; path = Assets.xcassets; sourceTree = "<group>"; };
		5AC84A6A216F6F60003F123F /* Base */ = {isa = PBXFileReference; lastKnownFileType = file.storyboard; name = Base; path = Base.lproj/LaunchScreen.storyboard; sourceTree = "<group>"; };
		5AC84A6C216F6F60003F123F /* Info.plist */ = {isa = PBXFileReference; lastKnownFileType = text.plist.xml; path = Info.plist; sourceTree = "<group>"; };
		5AC84A72216F6F7C003F123F /* TestViewBig.swift */ = {isa = PBXFileReference; lastKnownFileType = sourcecode.swift; path = TestViewBig.swift; sourceTree = "<group>"; };
		5AC84A74216F6F8E003F123F /* TestLabel.swift */ = {isa = PBXFileReference; lastKnownFileType = sourcecode.swift; path = TestLabel.swift; sourceTree = "<group>"; };
		5AC84A76216F6FAD003F123F /* TestViewSmall.swift */ = {isa = PBXFileReference; lastKnownFileType = sourcecode.swift; path = TestViewSmall.swift; sourceTree = "<group>"; };
		5AC84A78216F7174003F123F /* Ext.swift */ = {isa = PBXFileReference; lastKnownFileType = sourcecode.swift; path = Ext.swift; sourceTree = "<group>"; };
/* End PBXFileReference section */

/* Begin PBXFrameworksBuildPhase section */
		5AC84A5A216F6F5F003F123F /* Frameworks */ = {
			isa = PBXFrameworksBuildPhase;
			buildActionMask = 2147483647;
			files = (
			);
			runOnlyForDeploymentPostprocessing = 0;
		};
/* End PBXFrameworksBuildPhase section */

/* Begin PBXGroup section */
		5AC84A54216F6F5F003F123F = {
			isa = PBXGroup;
			children = (
				5AC84A5F216F6F5F003F123F /* TestLayoutProcess */,
				5AC84A5E216F6F5F003F123F /* Products */,
			);
			sourceTree = "<group>";
		};
		5AC84A5E216F6F5F003F123F /* Products */ = {
			isa = PBXGroup;
			children = (
				5AC84A5D216F6F5F003F123F /* TestLayoutProcess.app */,
			);
			name = Products;
			sourceTree = "<group>";
		};
		5AC84A5F216F6F5F003F123F /* TestLayoutProcess */ = {
			isa = PBXGroup;
			children = (
				5AC84A64216F6F5F003F123F /* Main.storyboard */,
				5AC84A67216F6F60003F123F /* Assets.xcassets */,
				5AC84A69216F6F60003F123F /* LaunchScreen.storyboard */,
				5AC84A6C216F6F60003F123F /* Info.plist */,
				5AC84A60216F6F5F003F123F /* AppDelegate.swift */,
				5AC84A62216F6F5F003F123F /* ViewController.swift */,
				5AC84A74216F6F8E003F123F /* TestLabel.swift */,
				5AC84A72216F6F7C003F123F /* TestViewBig.swift */,
				5AC84A76216F6FAD003F123F /* TestViewSmall.swift */,
				5AC84A78216F7174003F123F /* Ext.swift */,
			);
			path = TestLayoutProcess;
			sourceTree = "<group>";
		};
/* End PBXGroup section */

/* Begin PBXNativeTarget section */
		5AC84A5C216F6F5F003F123F /* TestLayoutProcess */ = {
			isa = PBXNativeTarget;
			buildConfigurationList = 5AC84A6F216F6F60003F123F /* Build configuration list for PBXNativeTarget "TestLayoutProcess" */;
			buildPhases = (
				5AC84A59216F6F5F003F123F /* Sources */,
				5AC84A5A216F6F5F003F123F /* Frameworks */,
				5AC84A5B216F6F5F003F123F /* Resources */,
			);
			buildRules = (
			);
			dependencies = (
			);
			name = TestLayoutProcess;
			productName = TestLayoutProcess;
			productReference = 5AC84A5D216F6F5F003F123F /* TestLayoutProcess.app */;
			productType = "com.apple.product-type.application";
		};
/* End PBXNativeTarget section */

/* Begin PBXProject section */
		5AC84A55216F6F5F003F123F /* Project object */ = {
			isa = PBXProject;
			attributes = {
				LastSwiftUpdateCheck = 1000;
				LastUpgradeCheck = 1000;
				ORGANIZATIONNAME = "Mad Brains";
				TargetAttributes = {
					5AC84A5C216F6F5F003F123F = {
						CreatedOnToolsVersion = 10.0;
					};
				};
			};
			buildConfigurationList = 5AC84A58216F6F5F003F123F /* Build configuration list for PBXProject "TestLayoutProcess" */;
			compatibilityVersion = "Xcode 9.3";
			developmentRegion = en;
			hasScannedForEncodings = 0;
			knownRegions = (
				en,
				Base,
			);
			mainGroup = 5AC84A54216F6F5F003F123F;
			productRefGroup = 5AC84A5E216F6F5F003F123F /* Products */;
			projectDirPath = "";
			projectRoot = "";
			targets = (
				5AC84A5C216F6F5F003F123F /* TestLayoutProcess */,
			);
		};
/* End PBXProject section */

/* Begin PBXResourcesBuildPhase section */
		5AC84A5B216F6F5F003F123F /* Resources */ = {
			isa = PBXResourcesBuildPhase;
			buildActionMask = 2147483647;
			files = (
				5AC84A6B216F6F60003F123F /* LaunchScreen.storyboard in Resources */,
				5AC84A68216F6F60003F123F /* Assets.xcassets in Resources */,
				5AC84A66216F6F5F003F123F /* Main.storyboard in Resources */,
			);
			runOnlyForDeploymentPostprocessing = 0;
		};
/* End PBXResourcesBuildPhase section */

/* Begin PBXSourcesBuildPhase section */
		5AC84A59216F6F5F003F123F /* Sources */ = {
			isa = PBXSourcesBuildPhase;
			buildActionMask = 2147483647;
			files = (
				5AC84A73216F6F7C003F123F /* TestViewBig.swift in Sources */,
				5AC84A63216F6F5F003F123F /* ViewController.swift in Sources */,
				5AC84A77216F6FAD003F123F /* TestViewSmall.swift in Sources */,
				5AC84A75216F6F8E003F123F /* TestLabel.swift in Sources */,
				5AC84A61216F6F5F003F123F /* AppDelegate.swift in Sources */,
				5AC84A79216F7174003F123F /* Ext.swift in Sources */,
			);
			runOnlyForDeploymentPostprocessing = 0;
		};
/* End PBXSourcesBuildPhase section */

/* Begin PBXVariantGroup section */
		5AC84A64216F6F5F003F123F /* Main.storyboard */ = {
			isa = PBXVariantGroup;
			children = (
				5AC84A65216F6F5F003F123F /* Base */,
			);
			name = Main.storyboard;
			sourceTree = "<group>";
		};
		5AC84A69216F6F60003F123F /* LaunchScreen.storyboard */ = {
			isa = PBXVariantGroup;
			children = (
				5AC84A6A216F6F60003F123F /* Base */,
			);
			name = LaunchScreen.storyboard;
			sourceTree = "<group>";
		};
/* End PBXVariantGroup section */

/* Begin XCBuildConfiguration section */
		5AC84A6D216F6F60003F123F /* Debug */ = {
			isa = XCBuildConfiguration;
			buildSettings = {
				ALWAYS_SEARCH_USER_PATHS = NO;
				CLANG_ANALYZER_NONNULL = YES;
				CLANG_ANALYZER_NUMBER_OBJECT_CONVERSION = YES_AGGRESSIVE;
				CLANG_CXX_LANGUAGE_STANDARD = "gnu++14";
				CLANG_CXX_LIBRARY = "libc++";
				CLANG_ENABLE_MODULES = YES;
				CLANG_ENABLE_OBJC_ARC = YES;
				CLANG_ENABLE_OBJC_WEAK = YES;
				CLANG_WARN_BLOCK_CAPTURE_AUTORELEASING = YES;
				CLANG_WARN_BOOL_CONVERSION = YES;
				CLANG_WARN_COMMA = YES;
				CLANG_WARN_CONSTANT_CONVERSION = YES;
				CLANG_WARN_DEPRECATED_OBJC_IMPLEMENTATIONS = YES;
				CLANG_WARN_DIRECT_OBJC_ISA_USAGE = YES_ERROR;
				CLANG_WARN_DOCUMENTATION_COMMENTS = YES;
				CLANG_WARN_EMPTY_BODY = YES;
				CLANG_WARN_ENUM_CONVERSION = YES;
				CLANG_WARN_INFINITE_RECURSION = YES;
				CLANG_WARN_INT_CONVERSION = YES;
				CLANG_WARN_NON_LITERAL_NULL_CONVERSION = YES;
				CLANG_WARN_OBJC_IMPLICIT_RETAIN_SELF = YES;
				CLANG_WARN_OBJC_LITERAL_CONVERSION = YES;
				CLANG_WARN_OBJC_ROOT_CLASS = YES_ERROR;
				CLANG_WARN_RANGE_LOOP_ANALYSIS = YES;
				CLANG_WARN_STRICT_PROTOTYPES = YES;
				CLANG_WARN_SUSPICIOUS_MOVE = YES;
				CLANG_WARN_UNGUARDED_AVAILABILITY = YES_AGGRESSIVE;
				CLANG_WARN_UNREACHABLE_CODE = YES;
				CLANG_WARN__DUPLICATE_METHOD_MATCH = YES;
				CODE_SIGN_IDENTITY = "iPhone Developer";
				COPY_PHASE_STRIP = NO;
				DEBUG_INFORMATION_FORMAT = dwarf;
				ENABLE_STRICT_OBJC_MSGSEND = YES;
				ENABLE_TESTABILITY = YES;
				GCC_C_LANGUAGE_STANDARD = gnu11;
				GCC_DYNAMIC_NO_PIC = NO;
				GCC_NO_COMMON_BLOCKS = YES;
				GCC_OPTIMIZATION_LEVEL = 0;
				GCC_PREPROCESSOR_DEFINITIONS = (
					"DEBUG=1",
					"$(inherited)",
				);
				GCC_WARN_64_TO_32_BIT_CONVERSION = YES;
				GCC_WARN_ABOUT_RETURN_TYPE = YES_ERROR;
				GCC_WARN_UNDECLARED_SELECTOR = YES;
				GCC_WARN_UNINITIALIZED_AUTOS = YES_AGGRESSIVE;
				GCC_WARN_UNUSED_FUNCTION = YES;
				GCC_WARN_UNUSED_VARIABLE = YES;
				IPHONEOS_DEPLOYMENT_TARGET = 12.0;
				MTL_ENABLE_DEBUG_INFO = INCLUDE_SOURCE;
				MTL_FAST_MATH = YES;
				ONLY_ACTIVE_ARCH = YES;
				SDKROOT = iphoneos;
				SWIFT_ACTIVE_COMPILATION_CONDITIONS = DEBUG;
				SWIFT_OPTIMIZATION_LEVEL = "-Onone";
			};
			name = Debug;
		};
		5AC84A6E216F6F60003F123F /* Release */ = {
			isa = XCBuildConfiguration;
			buildSettings = {
				ALWAYS_SEARCH_USER_PATHS = NO;
				CLANG_ANALYZER_NONNULL = YES;
				CLANG_ANALYZER_NUMBER_OBJECT_CONVERSION = YES_AGGRESSIVE;
				CLANG_CXX_LANGUAGE_STANDARD = "gnu++14";
				CLANG_CXX_LIBRARY = "libc++";
				CLANG_ENABLE_MODULES = YES;
				CLANG_ENABLE_OBJC_ARC = YES;
				CLANG_ENABLE_OBJC_WEAK = YES;
				CLANG_WARN_BLOCK_CAPTURE_AUTORELEASING = YES;
				CLANG_WARN_BOOL_CONVERSION = YES;
				CLANG_WARN_COMMA = YES;
				CLANG_WARN_CONSTANT_CONVERSION = YES;
				CLANG_WARN_DEPRECATED_OBJC_IMPLEMENTATIONS = YES;
				CLANG_WARN_DIRECT_OBJC_ISA_USAGE = YES_ERROR;
				CLANG_WARN_DOCUMENTATION_COMMENTS = YES;
				CLANG_WARN_EMPTY_BODY = YES;
				CLANG_WARN_ENUM_CONVERSION = YES;
				CLANG_WARN_INFINITE_RECURSION = YES;
				CLANG_WARN_INT_CONVERSION = YES;
				CLANG_WARN_NON_LITERAL_NULL_CONVERSION = YES;
				CLANG_WARN_OBJC_IMPLICIT_RETAIN_SELF = YES;
				CLANG_WARN_OBJC_LITERAL_CONVERSION = YES;
				CLANG_WARN_OBJC_ROOT_CLASS = YES_ERROR;
				CLANG_WARN_RANGE_LOOP_ANALYSIS = YES;
				CLANG_WARN_STRICT_PROTOTYPES = YES;
				CLANG_WARN_SUSPICIOUS_MOVE = YES;
				CLANG_WARN_UNGUARDED_AVAILABILITY = YES_AGGRESSIVE;
				CLANG_WARN_UNREACHABLE_CODE = YES;
				CLANG_WARN__DUPLICATE_METHOD_MATCH = YES;
				CODE_SIGN_IDENTITY = "iPhone Developer";
				COPY_PHASE_STRIP = NO;
				DEBUG_INFORMATION_FORMAT = "dwarf-with-dsym";
				ENABLE_NS_ASSERTIONS = NO;
				ENABLE_STRICT_OBJC_MSGSEND = YES;
				GCC_C_LANGUAGE_STANDARD = gnu11;
				GCC_NO_COMMON_BLOCKS = YES;
				GCC_WARN_64_TO_32_BIT_CONVERSION = YES;
				GCC_WARN_ABOUT_RETURN_TYPE = YES_ERROR;
				GCC_WARN_UNDECLARED_SELECTOR = YES;
				GCC_WARN_UNINITIALIZED_AUTOS = YES_AGGRESSIVE;
				GCC_WARN_UNUSED_FUNCTION = YES;
				GCC_WARN_UNUSED_VARIABLE = YES;
				IPHONEOS_DEPLOYMENT_TARGET = 12.0;
				MTL_ENABLE_DEBUG_INFO = NO;
				MTL_FAST_MATH = YES;
				SDKROOT = iphoneos;
				SWIFT_COMPILATION_MODE = wholemodule;
				SWIFT_OPTIMIZATION_LEVEL = "-O";
				VALIDATE_PRODUCT = YES;
			};
			name = Release;
		};
		5AC84A70216F6F60003F123F /* Debug */ = {
			isa = XCBuildConfiguration;
			buildSettings = {
				ASSETCATALOG_COMPILER_APPICON_NAME = AppIcon;
				CODE_SIGN_STYLE = Automatic;
				INFOPLIST_FILE = TestLayoutProcess/Info.plist;
				LD_RUNPATH_SEARCH_PATHS = (
					"$(inherited)",
					"@executable_path/Frameworks",
				);
				PRODUCT_BUNDLE_IDENTIFIER = mb.TestLayoutProcess;
				PRODUCT_NAME = "$(TARGET_NAME)";
				SWIFT_VERSION = 4.2;
				TARGETED_DEVICE_FAMILY = "1,2";
			};
			name = Debug;
		};
		5AC84A71216F6F60003F123F /* Release */ = {
			isa = XCBuildConfiguration;
			buildSettings = {
				ASSETCATALOG_COMPILER_APPICON_NAME = AppIcon;
				CODE_SIGN_STYLE = Automatic;
				INFOPLIST_FILE = TestLayoutProcess/Info.plist;
				LD_RUNPATH_SEARCH_PATHS = (
					"$(inherited)",
					"@executable_path/Frameworks",
				);
				PRODUCT_BUNDLE_IDENTIFIER = mb.TestLayoutProcess;
				PRODUCT_NAME = "$(TARGET_NAME)";
				SWIFT_VERSION = 4.2;
				TARGETED_DEVICE_FAMILY = "1,2";
			};
			name = Release;
		};
/* End XCBuildConfiguration section */

/* Begin XCConfigurationList section */
		5AC84A58216F6F5F003F123F /* Build configuration list for PBXProject "TestLayoutProcess" */ = {
			isa = XCConfigurationList;
			buildConfigurations = (
				5AC84A6D216F6F60003F123F /* Debug */,
				5AC84A6E216F6F60003F123F /* Release */,
			);
			defaultConfigurationIsVisible = 0;
			defaultConfigurationName = Release;
		};
		5AC84A6F216F6F60003F123F /* Build configuration list for PBXNativeTarget "TestLayoutProcess" */ = {
			isa = XCConfigurationList;
			buildConfigurations = (
				5AC84A70216F6F60003F123F /* Debug */,
				5AC84A71216F6F60003F123F /* Release */,
			);
			defaultConfigurationIsVisible = 0;
			defaultConfigurationName = Release;
		};
/* End XCConfigurationList section */
	};
	rootObject = 5AC84A55216F6F5F003F123F /* Project object */;
}
